// !$*UTF8*$!
{
	archiveVersion = 1;
	classes = {
	};
	objectVersion = 46;
	objects = {

/* Begin PBXBuildFile section */
		594924601C5F1C6D00B8F18B /* AppDelegate.swift in Sources */ = {isa = PBXBuildFile; fileRef = 5949245F1C5F1C6D00B8F18B /* AppDelegate.swift */; };
		594924621C5F1C6D00B8F18B /* ViewController.swift in Sources */ = {isa = PBXBuildFile; fileRef = 594924611C5F1C6D00B8F18B /* ViewController.swift */; };
		594924651C5F1C6D00B8F18B /* Main.storyboard in Resources */ = {isa = PBXBuildFile; fileRef = 594924631C5F1C6D00B8F18B /* Main.storyboard */; };
		594924671C5F1C6D00B8F18B /* Assets.xcassets in Resources */ = {isa = PBXBuildFile; fileRef = 594924661C5F1C6D00B8F18B /* Assets.xcassets */; };
		5949246A1C5F1C6D00B8F18B /* LaunchScreen.storyboard in Resources */ = {isa = PBXBuildFile; fileRef = 594924681C5F1C6D00B8F18B /* LaunchScreen.storyboard */; };
/* End PBXBuildFile section */

/* Begin PBXFileReference section */
		5949245C1C5F1C6D00B8F18B /* DynamicHeightTableHeaderViewDemo.app */ = {isa = PBXFileReference; explicitFileType = wrapper.application; includeInIndex = 0; path = DynamicHeightTableHeaderViewDemo.app; sourceTree = BUILT_PRODUCTS_DIR; };
		5949245F1C5F1C6D00B8F18B /* AppDelegate.swift */ = {isa = PBXFileReference; lastKnownFileType = sourcecode.swift; path = AppDelegate.swift; sourceTree = "<group>"; };
		594924611C5F1C6D00B8F18B /* ViewController.swift */ = {isa = PBXFileReference; lastKnownFileType = sourcecode.swift; path = ViewController.swift; sourceTree = "<group>"; };
		594924641C5F1C6D00B8F18B /* Base */ = {isa = PBXFileReference; lastKnownFileType = file.storyboard; name = Base; path = Base.lproj/Main.storyboard; sourceTree = "<group>"; };
		594924661C5F1C6D00B8F18B /* Assets.xcassets */ = {isa = PBXFileReference; lastKnownFileType = folder.assetcatalog; path = Assets.xcassets; sourceTree = "<group>"; };
		594924691C5F1C6D00B8F18B /* Base */ = {isa = PBXFileReference; lastKnownFileType = file.storyboard; name = Base; path = Base.lproj/LaunchScreen.storyboard; sourceTree = "<group>"; };
		5949246B1C5F1C6D00B8F18B /* Info.plist */ = {isa = PBXFileReference; lastKnownFileType = text.plist.xml; path = Info.plist; sourceTree = "<group>"; };
/* End PBXFileReference section */

/* Begin PBXFrameworksBuildPhase section */
		594924591C5F1C6D00B8F18B /* Frameworks */ = {
			isa = PBXFrameworksBuildPhase;
			buildActionMask = 2147483647;
			files = (
			);
			runOnlyForDeploymentPostprocessing = 0;
		};
/* End PBXFrameworksBuildPhase section */

/* Begin PBXGroup section */
		594924531C5F1C6D00B8F18B = {
			isa = PBXGroup;
			children = (
				5949245E1C5F1C6D00B8F18B /* DynamicHeightTableHeaderViewDemo */,
				5949245D1C5F1C6D00B8F18B /* Products */,
			);
			sourceTree = "<group>";
		};
		5949245D1C5F1C6D00B8F18B /* Products */ = {
			isa = PBXGroup;
			children = (
				5949245C1C5F1C6D00B8F18B /* DynamicHeightTableHeaderViewDemo.app */,
			);
			name = Products;
			sourceTree = "<group>";
		};
		5949245E1C5F1C6D00B8F18B /* DynamicHeightTableHeaderViewDemo */ = {
			isa = PBXGroup;
			children = (
				5949245F1C5F1C6D00B8F18B /* AppDelegate.swift */,
				594924611C5F1C6D00B8F18B /* ViewController.swift */,
				594924631C5F1C6D00B8F18B /* Main.storyboard */,
				594924661C5F1C6D00B8F18B /* Assets.xcassets */,
				594924681C5F1C6D00B8F18B /* LaunchScreen.storyboard */,
				5949246B1C5F1C6D00B8F18B /* Info.plist */,
			);
			path = DynamicHeightTableHeaderViewDemo;
			sourceTree = "<group>";
		};
/* End PBXGroup section */

/* Begin PBXNativeTarget section */
		5949245B1C5F1C6D00B8F18B /* DynamicHeightTableHeaderViewDemo */ = {
			isa = PBXNativeTarget;
			buildConfigurationList = 5949246E1C5F1C6D00B8F18B /* Build configuration list for PBXNativeTarget "DynamicHeightTableHeaderViewDemo" */;
			buildPhases = (
				594924581C5F1C6D00B8F18B /* Sources */,
				594924591C5F1C6D00B8F18B /* Frameworks */,
				5949245A1C5F1C6D00B8F18B /* Resources */,
			);
			buildRules = (
			);
			dependencies = (
			);
			name = DynamicHeightTableHeaderViewDemo;
			productName = DynamicHeightTableHeaderViewDemo;
			productReference = 5949245C1C5F1C6D00B8F18B /* DynamicHeightTableHeaderViewDemo.app */;
			productType = "com.apple.product-type.application";
		};
/* End PBXNativeTarget section */

/* Begin PBXProject section */
		594924541C5F1C6D00B8F18B /* Project object */ = {
			isa = PBXProject;
			attributes = {
				LastSwiftUpdateCheck = 0720;
				LastUpgradeCheck = 0720;
				ORGANIZATIONNAME = lionhylra;
				TargetAttributes = {
					5949245B1C5F1C6D00B8F18B = {
						CreatedOnToolsVersion = 7.2;
					};
				};
			};
			buildConfigurationList = 594924571C5F1C6D00B8F18B /* Build configuration list for PBXProject "DynamicHeightTableHeaderViewDemo" */;
			compatibilityVersion = "Xcode 3.2";
			developmentRegion = English;
			hasScannedForEncodings = 0;
			knownRegions = (
				en,
				Base,
			);
			mainGroup = 594924531C5F1C6D00B8F18B;
			productRefGroup = 5949245D1C5F1C6D00B8F18B /* Products */;
			projectDirPath = "";
			projectRoot = "";
			targets = (
				5949245B1C5F1C6D00B8F18B /* DynamicHeightTableHeaderViewDemo */,
			);
		};
/* End PBXProject section */

/* Begin PBXResourcesBuildPhase section */
		5949245A1C5F1C6D00B8F18B /* Resources */ = {
			isa = PBXResourcesBuildPhase;
			buildActionMask = 2147483647;
			files = (
				5949246A1C5F1C6D00B8F18B /* LaunchScreen.storyboard in Resources */,
				594924671C5F1C6D00B8F18B /* Assets.xcassets in Resources */,
				594924651C5F1C6D00B8F18B /* Main.storyboard in Resources */,
			);
			runOnlyForDeploymentPostprocessing = 0;
		};
/* End PBXResourcesBuildPhase section */

/* Begin PBXSourcesBuildPhase section */
		594924581C5F1C6D00B8F18B /* Sources */ = {
			isa = PBXSourcesBuildPhase;
			buildActionMask = 2147483647;
			files = (
				594924621C5F1C6D00B8F18B /* ViewController.swift in Sources */,
				594924601C5F1C6D00B8F18B /* AppDelegate.swift in Sources */,
			);
			runOnlyForDeploymentPostprocessing = 0;
		};
/* End PBXSourcesBuildPhase section */

/* Begin PBXVariantGroup section */
		594924631C5F1C6D00B8F18B /* Main.storyboard */ = {
			isa = PBXVariantGroup;
			children = (
				594924641C5F1C6D00B8F18B /* Base */,
			);
			name = Main.storyboard;
			sourceTree = "<group>";
		};
		594924681C5F1C6D00B8F18B /* LaunchScreen.storyboard */ = {
			isa = PBXVariantGroup;
			children = (
				594924691C5F1C6D00B8F18B /* Base */,
			);
			name = LaunchScreen.storyboard;
			sourceTree = "<group>";
		};
/* End PBXVariantGroup section */

/* Begin XCBuildConfiguration section */
		5949246C1C5F1C6D00B8F18B /* Debug */ = {
			isa = XCBuildConfiguration;
			buildSettings = {
				ALWAYS_SEARCH_USER_PATHS = NO;
				CLANG_CXX_LANGUAGE_STANDARD = "gnu++0x";
				CLANG_CXX_LIBRARY = "libc++";
				CLANG_ENABLE_MODULES = YES;
				CLANG_ENABLE_OBJC_ARC = YES;
				CLANG_WARN_BOOL_CONVERSION = YES;
				CLANG_WARN_CONSTANT_CONVERSION = YES;
				CLANG_WARN_DIRECT_OBJC_ISA_USAGE = YES_ERROR;
				CLANG_WARN_EMPTY_BODY = YES;
				CLANG_WARN_ENUM_CONVERSION = YES;
				CLANG_WARN_INT_CONVERSION = YES;
				CLANG_WARN_OBJC_ROOT_CLASS = YES_ERROR;
				CLANG_WARN_UNREACHABLE_CODE = YES;
				CLANG_WARN__DUPLICATE_METHOD_MATCH = YES;
				"CODE_SIGN_IDENTITY[sdk=iphoneos*]" = "iPhone Developer";
				COPY_PHASE_STRIP = NO;
				DEBUG_INFORMATION_FORMAT = dwarf;
				ENABLE_STRICT_OBJC_MSGSEND = YES;
				ENABLE_TESTABILITY = YES;
				GCC_C_LANGUAGE_STANDARD = gnu99;
				GCC_DYNAMIC_NO_PIC = NO;
				GCC_NO_COMMON_BLOCKS = YES;
				GCC_OPTIMIZATION_LEVEL = 0;
				GCC_PREPROCESSOR_DEFINITIONS = (
					"DEBUG=1",
					"$(inherited)",
				);
				GCC_WARN_64_TO_32_BIT_CONVERSION = YES;
				GCC_WARN_ABOUT_RETURN_TYPE = YES_ERROR;
				GCC_WARN_UNDECLARED_SELECTOR = YES;
				GCC_WARN_UNINITIALIZED_AUTOS = YES_AGGRESSIVE;
				GCC_WARN_UNUSED_FUNCTION = YES;
				GCC_WARN_UNUSED_VARIABLE = YES;
				IPHONEOS_DEPLOYMENT_TARGET = 9.2;
				MTL_ENABLE_DEBUG_INFO = YES;
				ONLY_ACTIVE_ARCH = YES;
				SDKROOT = iphoneos;
				SWIFT_OPTIMIZATION_LEVEL = "-Onone";
				TARGETED_DEVICE_FAMILY = "1,2";
			};
			name = Debug;
		};
		5949246D1C5F1C6D00B8F18B /* Release */ = {
			isa = XCBuildConfiguration;
			buildSettings = {
				ALWAYS_SEARCH_USER_PATHS = NO;
				CLANG_CXX_LANGUAGE_STANDARD = "gnu++0x";
				CLANG_CXX_LIBRARY = "libc++";
				CLANG_ENABLE_MODULES = YES;
				CLANG_ENABLE_OBJC_ARC = YES;
				CLANG_WARN_BOOL_CONVERSION = YES;
				CLANG_WARN_CONSTANT_CONVERSION = YES;
				CLANG_WARN_DIRECT_OBJC_ISA_USAGE = YES_ERROR;
				CLANG_WARN_EMPTY_BODY = YES;
				CLANG_WARN_ENUM_CONVERSION = YES;
				CLANG_WARN_INT_CONVERSION = YES;
				CLANG_WARN_OBJC_ROOT_CLASS = YES_ERROR;
				CLANG_WARN_UNREACHABLE_CODE = YES;
				CLANG_WARN__DUPLICATE_METHOD_MATCH = YES;
				"CODE_SIGN_IDENTITY[sdk=iphoneos*]" = "iPhone Developer";
				COPY_PHASE_STRIP = NO;
				DEBUG_INFORMATION_FORMAT = "dwarf-with-dsym";
				ENABLE_NS_ASSERTIONS = NO;
				ENABLE_STRICT_OBJC_MSGSEND = YES;
				GCC_C_LANGUAGE_STANDARD = gnu99;
				GCC_NO_COMMON_BLOCKS = YES;
				GCC_WARN_64_TO_32_BIT_CONVERSION = YES;
				GCC_WARN_ABOUT_RETURN_TYPE = YES_ERROR;
				GCC_WARN_UNDECLARED_SELECTOR = YES;
				GCC_WARN_UNINITIALIZED_AUTOS = YES_AGGRESSIVE;
				GCC_WARN_UNUSED_FUNCTION = YES;
				GCC_WARN_UNUSED_VARIABLE = YES;
				IPHONEOS_DEPLOYMENT_TARGET = 9.2;
				MTL_ENABLE_DEBUG_INFO = NO;
				SDKROOT = iphoneos;
				TARGETED_DEVICE_FAMILY = "1,2";
				VALIDATE_PRODUCT = YES;
			};
			name = Release;
		};
		5949246F1C5F1C6D00B8F18B /* Debug */ = {
			isa = XCBuildConfiguration;
			buildSettings = {
				ASSETCATALOG_COMPILER_APPICON_NAME = AppIcon;
				INFOPLIST_FILE = DynamicHeightTableHeaderViewDemo/Info.plist;
				LD_RUNPATH_SEARCH_PATHS = "$(inherited) @executable_path/Frameworks";
				PRODUCT_BUNDLE_IDENTIFIER = com.lionhylra.DynamicHeightTableHeaderViewDemo;
				PRODUCT_NAME = "$(TARGET_NAME)";
			};
			name = Debug;
		};
		594924701C5F1C6D00B8F18B /* Release */ = {
			isa = XCBuildConfiguration;
			buildSettings = {
				ASSETCATALOG_COMPILER_APPICON_NAME = AppIcon;
				INFOPLIST_FILE = DynamicHeightTableHeaderViewDemo/Info.plist;
				LD_RUNPATH_SEARCH_PATHS = "$(inherited) @executable_path/Frameworks";
				PRODUCT_BUNDLE_IDENTIFIER = com.lionhylra.DynamicHeightTableHeaderViewDemo;
				PRODUCT_NAME = "$(TARGET_NAME)";
			};
			name = Release;
		};
/* End XCBuildConfiguration section */

/* Begin XCConfigurationList section */
		594924571C5F1C6D00B8F18B /* Build configuration list for PBXProject "DynamicHeightTableHeaderViewDemo" */ = {
			isa = XCConfigurationList;
			buildConfigurations = (
				5949246C1C5F1C6D00B8F18B /* Debug */,
				5949246D1C5F1C6D00B8F18B /* Release */,
			);
			defaultConfigurationIsVisible = 0;
			defaultConfigurationName = Release;
		};
		5949246E1C5F1C6D00B8F18B /* Build configuration list for PBXNativeTarget "DynamicHeightTableHeaderViewDemo" */ = {
			isa = XCConfigurationList;
			buildConfigurations = (
				5949246F1C5F1C6D00B8F18B /* Debug */,
				594924701C5F1C6D00B8F18B /* Release */,
			);
			defaultConfigurationIsVisible = 0;
		};
/* End XCConfigurationList section */
	};
	rootObject = 594924541C5F1C6D00B8F18B /* Project object */;
}
